
Microsoft Visual Studio Solution File, Format Version 12.00
# Visual Studio 15
VisualStudioVersion = 15.0.28307.2092
MinimumVisualStudioVersion = 10.0.40219.1
Project("{FAE04EC0-301F-11D3-BF4B-00C04F79EFBC}") = "Kütüphane Otomasyonu", "Kütüphane Otomasyonu\Kütüphane Otomasyonu.csproj", "{7DECA72F-D646-4F12-893E-431C1928BF23}"
EndProject
Global
	GlobalSection(SolutionConfigurationPlatforms) = preSolution
		Debug|Any CPU = Debug|Any CPU
		Release|Any CPU = Release|Any CPU
	EndGlobalSection
	GlobalSection(ProjectConfigurationPlatforms) = postSolution
		{7DECA72F-D646-4F12-893E-431C1928BF23}.Debug|Any CPU.ActiveCfg = Debug|Any CPU
		{7DECA72F-D646-4F12-893E-431C1928BF23}.Debug|Any CPU.Build.0 = Debug|Any CPU
		{7DECA72F-D646-4F12-893E-431C1928BF23}.Release|Any CPU.ActiveCfg = Release|Any CPU
		{7DECA72F-D646-4F12-893E-431C1928BF23}.Release|Any CPU.Build.0 = Release|Any CPU
	EndGlobalSection
	GlobalSection(SolutionProperties) = preSolution
		HideSolutionNode = FALSE
	EndGlobalSection
	GlobalSection(ExtensibilityGlobals) = postSolution
		SolutionGuid = {3A6798F3-F133-4A1A-B28D-970C5DD27B85}
	EndGlobalSection
EndGlobal
